
Microsoft Visual Studio Solution File, Format Version 12.00
# Visual Studio Version 17
VisualStudioVersion = 17.5.33424.131
MinimumVisualStudioVersion = 10.0.40219.1
Project("{9A19103F-16F7-4668-BE54-9A1E7A4F7556}") = "Basics", "Basics\Basics.csproj", "{11C5A2D3-212E-4D05-ABA4-AB7BA579AEFD}"
EndProject
Project("{9A19103F-16F7-4668-BE54-9A1E7A4F7556}") = "Flowing", "Flowing\Flowing.csproj", "{A46FCA12-8518-436D-AAF7-75D5DA690BAB}"
EndProject
Project("{FAE04EC0-301F-11D3-BF4B-00C04F79EFBC}") = "Collections", "Collections\Collections.csproj", "{1C38A7AC-9AF9-4254-B093-635EA320480D}"
EndProject
Global
	GlobalSection(SolutionConfigurationPlatforms) = preSolution
		Debug|Any CPU = Debug|Any CPU
		Release|Any CPU = Release|Any CPU
	EndGlobalSection
	GlobalSection(ProjectConfigurationPlatforms) = postSolution
		{11C5A2D3-212E-4D05-ABA4-AB7BA579AEFD}.Debug|Any CPU.ActiveCfg = Debug|Any CPU
		{11C5A2D3-212E-4D05-ABA4-AB7BA579AEFD}.Debug|Any CPU.Build.0 = Debug|Any CPU
		{11C5A2D3-212E-4D05-ABA4-AB7BA579AEFD}.Release|Any CPU.ActiveCfg = Release|Any CPU
		{11C5A2D3-212E-4D05-ABA4-AB7BA579AEFD}.Release|Any CPU.Build.0 = Release|Any CPU
		{A46FCA12-8518-436D-AAF7-75D5DA690BAB}.Debug|Any CPU.ActiveCfg = Debug|Any CPU
		{A46FCA12-8518-436D-AAF7-75D5DA690BAB}.Debug|Any CPU.Build.0 = Debug|Any CPU
		{A46FCA12-8518-436D-AAF7-75D5DA690BAB}.Release|Any CPU.ActiveCfg = Release|Any CPU
		{A46FCA12-8518-436D-AAF7-75D5DA690BAB}.Release|Any CPU.Build.0 = Release|Any CPU
		{1C38A7AC-9AF9-4254-B093-635EA320480D}.Debug|Any CPU.ActiveCfg = Debug|Any CPU
		{1C38A7AC-9AF9-4254-B093-635EA320480D}.Debug|Any CPU.Build.0 = Debug|Any CPU
		{1C38A7AC-9AF9-4254-B093-635EA320480D}.Release|Any CPU.ActiveCfg = Release|Any CPU
		{1C38A7AC-9AF9-4254-B093-635EA320480D}.Release|Any CPU.Build.0 = Release|Any CPU
	EndGlobalSection
	GlobalSection(SolutionProperties) = preSolution
		HideSolutionNode = FALSE
	EndGlobalSection
	GlobalSection(ExtensibilityGlobals) = postSolution
		SolutionGuid = {F6A7A284-6B66-47A7-B3A2-D5BCD5FB2791}
	EndGlobalSection
EndGlobal
