
Microsoft Visual Studio Solution File, Format Version 12.00
# Visual Studio Version 17
VisualStudioVersion = 17.5.33424.131
MinimumVisualStudioVersion = 10.0.40219.1
Project("{FAE04EC0-301F-11D3-BF4B-00C04F79EFBC}") = "TheCompany", "TheCompany\TheCompany.csproj", "{342F781A-FE19-42E3-B6E6-7508F6293A96}"
EndProject
Global
	GlobalSection(SolutionConfigurationPlatforms) = preSolution
		Debug|Any CPU = Debug|Any CPU
		Release|Any CPU = Release|Any CPU
	EndGlobalSection
	GlobalSection(ProjectConfigurationPlatforms) = postSolution
		{342F781A-FE19-42E3-B6E6-7508F6293A96}.Debug|Any CPU.ActiveCfg = Debug|Any CPU
		{342F781A-FE19-42E3-B6E6-7508F6293A96}.Debug|Any CPU.Build.0 = Debug|Any CPU
		{342F781A-FE19-42E3-B6E6-7508F6293A96}.Release|Any CPU.ActiveCfg = Release|Any CPU
		{342F781A-FE19-42E3-B6E6-7508F6293A96}.Release|Any CPU.Build.0 = Release|Any CPU
	EndGlobalSection
	GlobalSection(SolutionProperties) = preSolution
		HideSolutionNode = FALSE
	EndGlobalSection
	GlobalSection(ExtensibilityGlobals) = postSolution
		SolutionGuid = {B013C71F-40A7-47CC-B5BB-19D916AAC5DE}
	EndGlobalSection
EndGlobal
